<?xml version="1.0" encoding="utf-8"?>
<Project ToolsVersion="4.0" xmlns="http://schemas.microsoft.com/developer/msbuild/2003">
  <ItemGroup>
    <ClCompile Include="main.cpp" />
    <ClCompile Include="DirectAnalysis\Element\Element.cpp" />
    <ClCompile Include="DirectAnalysis\Equation\Phenomenon\HeatTransfer\Dynamic2D\HeatTransferDynamic2D.cpp" />
    <ClCompile Include="DirectAnalysis\Equation\Phenomenon\HeatTransfer\Static2D\HeatTransferStatic2D.cpp" />
    <ClCompile Include="DirectAnalysis\Equation\Phenomenon\Structure\PlaneStrain\PlaneStrain.cpp" />
    <ClCompile Include="DirectAnalysis\Equation\Phenomenon\Structure\PlaneStrainWithHeat\PlaneStrainWithHeat.cpp" />
    <ClCompile Include="DirectAnalysis\Equation\Equation.cpp" />
    <ClCompile Include="DirectAnalysis\Field\LinearField\LinearField.cpp" />
    <ClCompile Include="DirectAnalysis\Field\Field.cpp" />
    <ClCompile Include="DirectAnalysis\Integration\Gauss\Square\GaussSquare.cpp" />
    <ClCompile Include="DirectAnalysis\Integration\Gauss\Triangle\GaussTriangle.cpp" />
    <ClCompile Include="DirectAnalysis\Integration\Integration.cpp" />
    <ClCompile Include="DirectAnalysis\Neumann\Neumann.cpp" />
    <ClCompile Include="DirectAnalysis\Node\Node.cpp" />
    <ClCompile Include="DirectAnalysis\ShapeFunction\Parametric\Quadrangle\Quadrangle.cpp" />
    <ClCompile Include="DirectAnalysis\ShapeFunction\Parametric\Triangle\Triangle.cpp" />
    <ClCompile Include="DirectAnalysis\ShapeFunction\ShapeFunction.cpp" />
    <ClCompile Include="DirectAnalysis\System\DynamicSystem\DynamicSystem.cpp" />
    <ClCompile Include="DirectAnalysis\System\StaticSystem\StaticSystem.cpp" />
    <ClCompile Include="DirectAnalysis\System\System.cpp" />
    <ClCompile Include="InverseAnalysis\System\OptimizedSystem.cpp" />
    <ClCompile Include="InverseAnalysis\Function\Function.cpp" />
  </ItemGroup>
  <ItemGroup>
    <ClInclude Include="DirectAnalysis\Element\Element.h" />
    <ClInclude Include="DirectAnalysis\Equation\Phenomenon\HeatTransfer\Dynamic2D\HeatTransferDynamic2D.h" />
    <ClInclude Include="DirectAnalysis\Equation\Phenomenon\HeatTransfer\Static2D\HeatTransferStatic2D.h" />
    <ClInclude Include="DirectAnalysis\Equation\Phenomenon\Structure\PlaneStrain\PlaneStrain.h" />
    <ClInclude Include="DirectAnalysis\Equation\Phenomenon\Structure\PlaneStrainWithHeat\PlaneStrainWithHeat.h" />
    <ClInclude Include="DirectAnalysis\Equation\Equation.h" />
    <ClInclude Include="DirectAnalysis\Field\LinearField\LinearField.h" />
    <ClInclude Include="DirectAnalysis\Field\Field.h" />
    <ClInclude Include="DirectAnalysis\Integration\Gauss\Square\GaussSquare.h" />
    <ClInclude Include="DirectAnalysis\Integration\Gauss\Triangle\GaussTriangle.h" />
    <ClInclude Include="DirectAnalysis\Integration\Integration.h" />
    <ClInclude Include="DirectAnalysis\Neumann\Neumann.h" />
    <ClInclude Include="DirectAnalysis\Node\Node.h" />
    <ClInclude Include="DirectAnalysis\ShapeFunction\Parametric\Quadrangle\Quadrangle.h" />
    <ClInclude Include="DirectAnalysis\ShapeFunction\Parametric\Triangle\Triangle.h" />
    <ClInclude Include="DirectAnalysis\ShapeFunction\ShapeFunction.h" />
    <ClInclude Include="DirectAnalysis\System\DynamicSystem\DynamicSystem.h" />
    <ClInclude Include="DirectAnalysis\System\StaticSystem\StaticSystem.h" />
    <ClInclude Include="DirectAnalysis\System\System.h" />
    <ClInclude Include="InverseAnalysis\System\OptimizedSystem.h" />
    <ClInclude Include="InverseAnalysis\Function\Function.h" />
  </ItemGroup>
</Project>