<?xml version="1.0" encoding="utf-8"?>
<Project ToolsVersion="4.0" xmlns="http://schemas.microsoft.com/developer/msbuild/2003">
  <ItemGroup>
    <ClCompile Include="main.cpp" />
    <ClCompile Include="DirectAnalysis\Element\Element.cpp" />
    <ClCompile Include="DirectAnalysis\Equation\Phenomenon\HeatTransfer\Static2D\HeatTransferStatic2D.cpp" />
    <ClCompile Include="DirectAnalysis\Equation\Phenomenon\Structure\PlaneStrain\PlaneStrain.cpp" />
    <ClCompile Include="DirectAnalysis\Equation\Equation.cpp" />
    <ClCompile Include="DirectAnalysis\Field\LinearField\LinearField.cpp" />
    <ClCompile Include="DirectAnalysis\Field\Field.cpp" />
    <ClCompile Include="DirectAnalysis\Integration\Gauss\Square\GaussSquare.cpp" />
    <ClCompile Include="DirectAnalysis\Integration\Gauss\Triangle\GaussTriangle.cpp" />
    <ClCompile Include="DirectAnalysis\Integration\Integration.cpp" />
    <ClCompile Include="DirectAnalysis\Node\Node.cpp" />
    <ClCompile Include="DirectAnalysis\ShapeFunction\Parametric\Quadrangle\Quadrangle.cpp" />
    <ClCompile Include="DirectAnalysis\ShapeFunction\Parametric\Triangle\Triangle.cpp" />
    <ClCompile Include="DirectAnalysis\ShapeFunction\ShapeFunction.cpp" />
    <ClCompile Include="DirectAnalysis\System\DynamicSystem\DynamicSystem.cpp" />
    <ClCompile Include="DirectAnalysis\System\StaticSystem\StaticSystem.cpp" />
    <ClCompile Include="DirectAnalysis\System\System.cpp" />
    <ClCompile Include="InverseAnalysis\System\OptimizedSystem.cpp" />
    <ClCompile Include="InverseAnalysis\Function\Function.cpp" />
    <ClCompile Include="InverseAnalysis\Function\Structure\Compliance\Compliance.cpp" />
    <ClCompile Include="InverseAnalysis\Function\Structure\Weight\Weight.cpp" />
    <ClCompile Include="DirectAnalysis\ShapeFunction\Parametric\Quadrangle2\Quadrangle2.cpp" />
    <ClCompile Include="DirectAnalysis\Integration\Gauss\Square2\GaussSquare2.cpp" />
    <ClCompile Include="DirectAnalysis\ShapeFunction\Parametric\Cubic\Cubic.cpp" />
    <ClCompile Include="DirectAnalysis\Integration\Gauss\Cubic\GaussCubic.cpp" />
    <ClCompile Include="DirectAnalysis\ShapeFunction\Parametric\Cubic2\Cubic2.cpp" />
    <ClCompile Include="DirectAnalysis\Integration\Gauss\Cubic2\GaussCubic2.cpp" />
    <ClCompile Include="DirectAnalysis\Equation\StructuralElement\Beam2D\Beam2D.cpp" />
    <ClCompile Include="DirectAnalysis\Field\EigenvalueField\EigenvalueField.cpp" />
    <ClCompile Include="DirectAnalysis\Field\NonLinearField\NonLinearField.cpp" />
    <ClCompile Include="DirectAnalysis\Equation\Phenomenon\Structure\PlaneStrainWithHeat\PlaneStrainWithHeat.cpp" />
    <ClCompile Include="DirectAnalysis\Equation\Phenomenon\HeatTransfer\Dynamic2D\HeatTransferDynamic2D.cpp" />
    <ClCompile Include="InverseAnalysis\Equation\Structure\OptimizedPlaneStrain\OptimizedPlaneStrain.cpp" />
    <ClCompile Include="DirectAnalysis\Equation\Phenomenon\Structure\IsotropicElastic\IsotropicElastic.cpp" />
    <ClCompile Include="DirectAnalysis\Equation\Phenomenon\Structure\PlaneStrainVibration\PlaneStrainVibration.cpp" />
    <ClCompile Include="InverseAnalysis\Equation\Structure\OptimizedAlternative2D\OptimizedAlternative2D.cpp" />
    <ClCompile Include="InverseAnalysis\Function\Structure\Compliance\ComplianceAlternative.cpp" />
    <ClCompile Include="InverseAnalysis\Function\Structure\Weight\WeightAlternative.cpp" />
    <ClCompile Include="InverseAnalysis\Function\Structure\Compliance\ComplianceAlternative3Phase.cpp" />
    <ClCompile Include="InverseAnalysis\Function\Structure\Weight\WeightAlternative3Phase.cpp" />
    <ClCompile Include="InverseAnalysis\Equation\Structure\OptimizedAlternative2D\OptimizedAlternative3Phase2D.cpp" />
    <ClCompile Include="InverseAnalysis\System\OCSystem\OCSystem.cpp" />
    <ClCompile Include="InverseAnalysis\System\CONLINSystem\CONLINSystem.cpp" />
    <ClCompile Include="DirectAnalysis\Equation\StructuralElement\ElasticPlasticTruss2D\ElasticPlasticTruss2D.cpp" />
    <ClCompile Include="LinearAlgebra\CSR.cpp" />
    <ClCompile Include="LinearAlgebra\PreCSR.cpp" />
    <ClCompile Include="InverseAnalysis\Equation\Structure\OptimizedIsotropicElastic\OptimizedIsotropicElastic.cpp" />
    <ClCompile Include="InverseAnalysis\Function\Structure\Compliance\ComplianceIsotropicElastic.cpp" />
    <ClCompile Include="InverseAnalysis\Function\Structure\Weight\WeightIsotropicElastic.cpp" />
    <ClCompile Include="DirectAnalysis\Parameter\Parameter.cpp" />
    <ClCompile Include="InverseAnalysis\Equation\Structure\OptimizedAlternative3D\OptimizedAlternative3D.cpp" />
    <ClCompile Include="InverseAnalysis\Function\Structure\Compliance\ComplianceAlternative3D.cpp" />
    <ClCompile Include="InverseAnalysis\Function\Structure\Weight\WeightAlternative3D.cpp" />
    <ClCompile Include="InverseAnalysis\Equation\Structure\Optimized3PhaseMaterials3D\Optimized3PhaseMaterials3D.cpp" />
    <ClCompile Include="InverseAnalysis\Function\Structure\Compliance\3PhaseMaterials3D\Compliance3PhaseMaterials3D.cpp" />
    <ClCompile Include="InverseAnalysis\Function\Structure\Weight\3PhaseMaterials3D\Weight3PhaseMaterials3D.cpp" />
    <ClCompile Include="InverseAnalysis\Equation\Structure\Optimized2PhaseMaterials3D\Optimized2PhaseMaterials3D.cpp" />
    <ClCompile Include="InverseAnalysis\Function\Structure\Compliance\2PhaseMaterials3D\Compliance2PhaseMaterials3D.cpp" />
    <ClCompile Include="InverseAnalysis\Function\Structure\Weight\2PhaseMaterials3D\Weight2PhaseMaterials3D.cpp" />
  </ItemGroup>
  <ItemGroup>
    <ClInclude Include="DirectAnalysis\Element\Element.h" />
    <ClInclude Include="DirectAnalysis\Equation\Phenomenon\HeatTransfer\Static2D\HeatTransferStatic2D.h" />
    <ClInclude Include="DirectAnalysis\Equation\Phenomenon\Structure\PlaneStrain\PlaneStrain.h" />
    <ClInclude Include="DirectAnalysis\Equation\Equation.h" />
    <ClInclude Include="DirectAnalysis\Field\LinearField\LinearField.h" />
    <ClInclude Include="DirectAnalysis\Field\Field.h" />
    <ClInclude Include="DirectAnalysis\Integration\Gauss\Square\GaussSquare.h" />
    <ClInclude Include="DirectAnalysis\Integration\Gauss\Triangle\GaussTriangle.h" />
    <ClInclude Include="DirectAnalysis\Integration\Integration.h" />
    <ClInclude Include="DirectAnalysis\Node\Node.h" />
    <ClInclude Include="DirectAnalysis\ShapeFunction\Parametric\Quadrangle\Quadrangle.h" />
    <ClInclude Include="DirectAnalysis\ShapeFunction\Parametric\Triangle\Triangle.h" />
    <ClInclude Include="DirectAnalysis\ShapeFunction\ShapeFunction.h" />
    <ClInclude Include="DirectAnalysis\System\DynamicSystem\DynamicSystem.h" />
    <ClInclude Include="DirectAnalysis\System\StaticSystem\StaticSystem.h" />
    <ClInclude Include="DirectAnalysis\System\System.h" />
    <ClInclude Include="InverseAnalysis\System\OptimizedSystem.h" />
    <ClInclude Include="InverseAnalysis\Function\Function.h" />
    <ClInclude Include="InverseAnalysis\Function\Structure\Compliance\Compliance.h" />
    <ClInclude Include="InverseAnalysis\Function\Structure\Weight\Weight.h" />
    <ClInclude Include="DirectAnalysis\ShapeFunction\Parametric\Quadrangle2\Quadrangle2.h" />
    <ClInclude Include="DirectAnalysis\Integration\Gauss\Square2\GaussSquare2.h" />
    <ClInclude Include="DirectAnalysis\ShapeFunction\Parametric\Cubic\Cubic.h" />
    <ClInclude Include="DirectAnalysis\Integration\Gauss\Cubic\GaussCubic.h" />
    <ClInclude Include="DirectAnalysis\ShapeFunction\Parametric\Cubic2\Cubic2.h" />
    <ClInclude Include="DirectAnalysis\Integration\Gauss\Cubic2\GaussCubic2.h" />
    <ClInclude Include="DirectAnalysis\Equation\StructuralElement\Beam2D\Beam2D.h" />
    <ClInclude Include="DirectAnalysis\Field\EigenvalueField\EigenvalueField.h" />
    <ClInclude Include="DirectAnalysis\Field\NonLinearField\NonLinearField.h" />
    <ClInclude Include="DirectAnalysis\Equation\Phenomenon\Structure\PlaneStrainWithHeat\PlaneStrainWithHeat.h" />
    <ClInclude Include="DirectAnalysis\Equation\Phenomenon\HeatTransfer\Dynamic2D\HeatTransferDynamic2D.h" />
    <ClInclude Include="InverseAnalysis\Equation\Structure\OptimizedPlaneStrain\OptimizedPlaneStrain.h" />
    <ClInclude Include="DirectAnalysis\Equation\Phenomenon\Structure\IsotropicElastic\IsotropicElastic.h" />
    <ClInclude Include="DirectAnalysis\Equation\Phenomenon\Structure\PlaneStrainVibration\PlaneStrainVibration.h" />
    <ClInclude Include="InverseAnalysis\Equation\Structure\OptimizedAlternative2D\OptimizedAlternative2D.h" />
    <ClInclude Include="InverseAnalysis\Function\Structure\Compliance\ComplianceAlternative.h" />
    <ClInclude Include="InverseAnalysis\Function\Structure\Weight\WeightAlternative.h" />
    <ClInclude Include="InverseAnalysis\Function\Structure\Compliance\ComplianceAlternative3Phase.h" />
    <ClInclude Include="InverseAnalysis\Function\Structure\Weight\WeightAlternative3Phase.h" />
    <ClInclude Include="InverseAnalysis\Equation\Structure\OptimizedAlternative2D\OptimizedAlternative3Phase2D.h" />
    <ClInclude Include="InverseAnalysis\System\OCSystem\OCSystem.h" />
    <ClInclude Include="InverseAnalysis\System\CONLINSystem\CONLINSystem.h" />
    <ClInclude Include="DirectAnalysis\Equation\StructuralElement\ElasticPlasticTruss2D\ElasticPlasticTruss2D.h" />
    <ClInclude Include="LinearAlgebra\CSR.h" />
    <ClInclude Include="LinearAlgebra\PreCSR.h" />
    <ClInclude Include="LinearAlgebra\CGSolvers.h" />
    <ClInclude Include="InverseAnalysis\Equation\Structure\OptimizedIsotropicElastic\OptimizedIsotropicElastic.h" />
    <ClInclude Include="InverseAnalysis\Function\Structure\Compliance\ComplianceIsotropicElastic.h" />
    <ClInclude Include="InverseAnalysis\Function\Structure\Weight\WeightIsotropicElastic.h" />
    <ClInclude Include="DirectAnalysis\Parameter\Parameter.h" />
    <ClInclude Include="InverseAnalysis\Equation\Structure\OptimizedAlternative3D\OptimizedAlternative3D.h" />
    <ClInclude Include="InverseAnalysis\Function\Structure\Compliance\ComplianceAlternative3D.h" />
    <ClInclude Include="InverseAnalysis\Function\Structure\Weight\WeightAlternative3D.h" />
    <ClInclude Include="InverseAnalysis\Equation\Structure\Optimized3PhaseMaterials3D\Optimized3PhaseMaterials3D.h" />
    <ClInclude Include="InverseAnalysis\Function\Structure\Compliance\3PhaseMaterials3D\Compliance3PhaseMaterials3D.h" />
    <ClInclude Include="InverseAnalysis\Function\Structure\Weight\3PhaseMaterials3D\Weight3PhaseMaterials3D.h" />
    <ClInclude Include="InverseAnalysis\Equation\Structure\Optimized2PhaseMaterials3D\Optimized2PhaseMaterials3D.h" />
    <ClInclude Include="InverseAnalysis\Function\Structure\Compliance\2PhaseMaterials3D\Compliance2PhaseMaterials3D.h" />
    <ClInclude Include="InverseAnalysis\Function\Structure\Weight\2PhaseMaterials3D\Weight2PhaseMaterials3D.h" />
  </ItemGroup>
  <ItemGroup>
    <None Include="Data\Input\TestFor1D2DConverter2\Element_modified.csv" />
    <None Include="Data\Input\TestFor1D2DConverter2\Node_modified.csv" />
  </ItemGroup>
</Project>