<?xml version="1.0" encoding="utf-8"?>
<Project ToolsVersion="4.0" xmlns="http://schemas.microsoft.com/developer/msbuild/2003">
  <ItemGroup>
    <ClCompile Include="main.cpp" />
    <ClCompile Include="Core\System\System.cpp" />
    <ClCompile Include="Core\Node\Node.cpp" />
    <ClCompile Include="Core\Element\Element.cpp" />
    <ClCompile Include="Core\ShapeFunction\ShapeFunction.cpp" />
    <ClCompile Include="Core\Equation\Equation.cpp" />
    <ClCompile Include="Core\Field\Field.cpp" />
    <ClCompile Include="Phenomenon\Structure\PlaneStrain\PlaneStrain.cpp" />
    <ClCompile Include="Core\ShapeFunction\Triangle\Triangle.cpp" />
    <ClCompile Include="Core\System\StaticSystem\StaticSystem.cpp" />
    <ClCompile Include="Core\Field\LinearField\LinearField.cpp" />
  </ItemGroup>
  <ItemGroup>
    <ClInclude Include="Core\System\System.h" />
    <ClInclude Include="Core\Node\Node.h" />
    <ClInclude Include="Core\Element\Element.h" />
    <ClInclude Include="Core\ShapeFunction\ShapeFunction.h" />
    <ClInclude Include="Core\Equation\Equation.h" />
    <ClInclude Include="Core\Field\Field.h" />
    <ClInclude Include="Phenomenon\Structure\PlaneStrain\PlaneStrain.h" />
    <ClInclude Include="Core\ShapeFunction\Triangle\Triangle.h" />
    <ClInclude Include="Core\System\StaticSystem\StaticSystem.h" />
    <ClInclude Include="Core\Field\LinearField\LinearField.h" />
  </ItemGroup>
</Project>